
Microsoft Visual Studio Solution File, Format Version 12.00
# Visual Studio Version 17
VisualStudioVersion = 17.1.32228.430
MinimumVisualStudioVersion = 10.0.40219.1
Project("{888888A0-9F3D-457C-B088-3A5042F75D52}") = "Words_CRUD", "Words_CRUD.pyproj", "{CE0A8725-6DD4-42C8-B0EF-50C341592D33}"
EndProject
Global
	GlobalSection(SolutionConfigurationPlatforms) = preSolution
		Debug|Any CPU = Debug|Any CPU
		Release|Any CPU = Release|Any CPU
	EndGlobalSection
	GlobalSection(ProjectConfigurationPlatforms) = postSolution
		{CE0A8725-6DD4-42C8-B0EF-50C341592D33}.Debug|Any CPU.ActiveCfg = Debug|Any CPU
		{CE0A8725-6DD4-42C8-B0EF-50C341592D33}.Debug|Any CPU.Build.0 = Debug|Any CPU
		{CE0A8725-6DD4-42C8-B0EF-50C341592D33}.Release|Any CPU.ActiveCfg = Release|Any CPU
		{CE0A8725-6DD4-42C8-B0EF-50C341592D33}.Release|Any CPU.Build.0 = Release|Any CPU
	EndGlobalSection
	GlobalSection(SolutionProperties) = preSolution
		HideSolutionNode = FALSE
	EndGlobalSection
	GlobalSection(ExtensibilityGlobals) = postSolution
		SolutionGuid = {2D9376C6-C1B5-41D4-9E31-A0112476D190}
	EndGlobalSection
EndGlobal
